# THIS IS AN AUTOGENERATED FILE. DO NOT EDIT THIS FILE DIRECTLY.
# yarn lockfile v1


"@nger/di@*":
  version "1.0.7"
  resolved "https://registry.yarnpkg.com/@nger/di/-/di-1.0.7.tgz#bc96262a65250e8709fed853640b2f0d79b66cb6"
  integrity sha512-hsE08gt/71gaemjX3/JzyaaT3x92UJHzOBtfLSK/I7nVJFVYUbB6bTNfAWqBheZmGO6fAjZR8XBSHsviqtiWfg==

reflect-metadata@*:
  version "0.1.13"
  resolved "https://registry.yarnpkg.com/reflect-metadata/-/reflect-metadata-0.1.13.tgz#67ae3ca57c972a2aa1642b10fe363fe32d49dc08"
  integrity sha512-Ts1Y/anZELhSsjMcU605fU9RE4Oi3p5ORujwbIKXfWa+0Zxs510Qrmrce5/Jowq3cHSZSJqBjypxmHarc+vEWg==
